// !$*UTF8*$!
{archiveVersion = 1; classes = {}; objectVersion = 56; objects = {
D34BF80D62C76BE4D903ABB3 = {isa = PBXFileReference; lastKnownFileType = sourcecode.swift; path = "ChatUITests.swift"; sourceTree = "<group>";};
9EA8C7951393349558ED6747 = {isa = PBXBuildFile; fileRef = D34BF80D62C76BE4D903ABB3;};
17F7C95C51E1663F7D6D0203 = {isa = PBXFileReference; lastKnownFileType = sourcecode.swift; path = "RemoteChatTests.swift"; sourceTree = "<group>";};
B40056EBAD76AAD7F02DFCB7 = {isa = PBXBuildFile; fileRef = 17F7C95C51E1663F7D6D0203;};
F95E0D3851F4764C6FBDD844 = {isa = PBXFileReference; lastKnownFileType = sourcecode.swift; path = "App/ChatUIFixture.swift"; sourceTree = "<group>";};
8C6CED12DF61BD6A63E17A76 = {isa = PBXBuildFile; fileRef = F95E0D3851F4764C6FBDD844;};
3DEBE14D517CA90CAAB2A779 = {isa = PBXFileReference; lastKnownFileType = sourcecode.swift; path = "Features/Chat/ChatResults.swift"; sourceTree = "<group>";};
6D366E8AE0EA6D39048CD023 = {isa = PBXBuildFile; fileRef = 3DEBE14D517CA90CAAB2A779;};
94846829CA6D7E188BB2FAA4 = {isa = PBXFileReference; lastKnownFileType = sourcecode.swift; path = "Features/Chat/ChatComposerParts.swift"; sourceTree = "<group>";};
60B4DE643DD8DB96BF6845E1 = {isa = PBXBuildFile; fileRef = 94846829CA6D7E188BB2FAA4;};
4C689A3C91608DFA8E079E31 = {isa = PBXFileReference; lastKnownFileType = sourcecode.swift; path = "App/AppState+RemoteChat.swift"; sourceTree = "<group>";};
2AA57192B0DB5B82C385F1B6 = {isa = PBXBuildFile; fileRef = 4C689A3C91608DFA8E079E31;};
1CEAB9FF5CA7477C6E807757 = {isa = PBXFileReference; lastKnownFileType = sourcecode.swift; path = "Core/Chat/ChatMediaStore.swift"; sourceTree = "<group>";};
B0E6C0BD73D0860EDB6ED0FA = {isa = PBXBuildFile; fileRef = 1CEAB9FF5CA7477C6E807757;};
1C78245226D7FB46D467BA84 = {isa = PBXFileReference; lastKnownFileType = sourcecode.swift; path = "Core/Chat/ChatAttachments.swift"; sourceTree = "<group>";};
8A084D206943E2399A6F9373 = {isa = PBXBuildFile; fileRef = 1C78245226D7FB46D467BA84;};
4702A755726A07F33BF15A26 = {isa = PBXFileReference; lastKnownFileType = sourcecode.swift; path = "Core/Chat/ChatModes.swift"; sourceTree = "<group>";};
15F09B93562173078AA5BF39 = {isa = PBXBuildFile; fileRef = 4702A755726A07F33BF15A26;};
D0127AB6F513EC1D4B8F08F4 = {isa = PBXFileReference; lastKnownFileType = sourcecode.swift; path = "Core/Connect/RemoteChatClient.swift"; sourceTree = "<group>";};
429351ED71D63A7302B6B3AF = {isa = PBXBuildFile; fileRef = D0127AB6F513EC1D4B8F08F4;};
7897E655FFE5A690AB590764 = {isa = PBXFileReference; lastKnownFileType = sourcecode.swift; path = "Core/Connect/Wire/ChatWire.swift"; sourceTree = "<group>";};
169E3BB5AF52330726A60B06 = {isa = PBXBuildFile; fileRef = 7897E655FFE5A690AB590764;};
9F69FF573D829DF697EE96FF = {isa = PBXFileReference; lastKnownFileType = sourcecode.swift; path = "DrawUITests.swift"; sourceTree = "<group>";};
EFE7CDF9FF528714D4666599 = {isa = PBXBuildFile; fileRef = 9F69FF573D829DF697EE96FF;};
7C32F5B0613C7C7B4443F358 = {isa = PBXFileReference; lastKnownFileType = text.json; path = "../../../olive/draw/protocol_v1.json"; sourceTree = "<group>";};
23259C48D4188ABA5FFD54CE = {isa = PBXBuildFile; fileRef = 7C32F5B0613C7C7B4443F358;};
40042498238D0B6CB400A177 = {isa = PBXFileReference; lastKnownFileType = text.json; path = "../../../olive/draw/drawing_schema.json"; sourceTree = "<group>";};
0173BAD39BC9F3E445AC1E43 = {isa = PBXBuildFile; fileRef = 40042498238D0B6CB400A177;};
9D412008DA096E9ED4F11A7A = {isa = PBXFileReference; lastKnownFileType = text.json; path = "../../../olive/draw/conformance_v1.json"; sourceTree = "<group>";};
F0B239909CCFD28A89B7B1AA = {isa = PBXBuildFile; fileRef = 9D412008DA096E9ED4F11A7A;};
3F47BDAC25351FFF8206F392 = {isa = PBXFileReference; lastKnownFileType = sourcecode.swift; path = "DrawTests.swift"; sourceTree = "<group>";};
E3A09FDD0CDAEB107A6D89A9 = {isa = PBXBuildFile; fileRef = 3F47BDAC25351FFF8206F392;};
06A32C69426070EC087C807C = {isa = PBXFileReference; lastKnownFileType = sourcecode.swift; path = "Features/Draw/DrawNoteView.swift"; sourceTree = "<group>";};
D9EDDBA9591576D2795ED41E = {isa = PBXBuildFile; fileRef = 06A32C69426070EC087C807C;};
40ACD331C47B587D8BC3C4DF = {isa = PBXFileReference; lastKnownFileType = sourcecode.swift; path = "Features/Draw/DrawLibraryView.swift"; sourceTree = "<group>";};
D5802D62DED7AC69945A322C = {isa = PBXBuildFile; fileRef = 40ACD331C47B587D8BC3C4DF;};
6EF05DE3C906CDED925B18DF = {isa = PBXFileReference; lastKnownFileType = sourcecode.swift; path = "Features/Draw/DrawEditorView.swift"; sourceTree = "<group>";};
8C41FEE9ECA670E29473525D = {isa = PBXBuildFile; fileRef = 6EF05DE3C906CDED925B18DF;};
63C44ECDEEFA75E82B2937F3 = {isa = PBXFileReference; lastKnownFileType = sourcecode.swift; path = "Features/Draw/DrawEditorModel.swift"; sourceTree = "<group>";};
000FFAB80055F9EAC887A957 = {isa = PBXBuildFile; fileRef = 63C44ECDEEFA75E82B2937F3;};
934FEEC4E715234D30E1170D = {isa = PBXFileReference; lastKnownFileType = sourcecode.swift; path = "Features/Draw/DrawModel.swift"; sourceTree = "<group>";};
DD1B5E3F6D300A7C7134FE70 = {isa = PBXBuildFile; fileRef = 934FEEC4E715234D30E1170D;};
237530E022AAC249325717ED = {isa = PBXFileReference; lastKnownFileType = sourcecode.swift; path = "Features/Draw/DrawCanvasView.swift"; sourceTree = "<group>";};
B3026E0F1427CF42C43FD11B = {isa = PBXBuildFile; fileRef = 237530E022AAC249325717ED;};
417B927C6C6416BD080A0D27 = {isa = PBXFileReference; lastKnownFileType = sourcecode.swift; path = "Core/Draw/DrawCapture.swift"; sourceTree = "<group>";};
822E778967C9EEAAEC269033 = {isa = PBXBuildFile; fileRef = 417B927C6C6416BD080A0D27;};
363744EB06DB43814C96477E = {isa = PBXFileReference; lastKnownFileType = sourcecode.swift; path = "Core/Draw/DrawSync.swift"; sourceTree = "<group>";};
654932EB0A4D639FCA393DE3 = {isa = PBXBuildFile; fileRef = 363744EB06DB43814C96477E;};
9720DD571A179D42910717BA = {isa = PBXFileReference; lastKnownFileType = sourcecode.swift; path = "Core/Draw/DrawWire.swift"; sourceTree = "<group>";};
E4EE18711DCC982516329E7C = {isa = PBXBuildFile; fileRef = 9720DD571A179D42910717BA;};
91BAA5CEC19FF9ED5CFA1C04 = {isa = PBXFileReference; lastKnownFileType = sourcecode.swift; path = "Core/Draw/DrawRender.swift"; sourceTree = "<group>";};
EABB1A449C3F2CEC8800535B = {isa = PBXBuildFile; fileRef = 91BAA5CEC19FF9ED5CFA1C04;};
6239B5B4D6DFE1A3AA1D1D4E = {isa = PBXFileReference; lastKnownFileType = sourcecode.swift; path = "Core/Draw/DrawEngine.swift"; sourceTree = "<group>";};
B4D74C352E010689723097A5 = {isa = PBXBuildFile; fileRef = 6239B5B4D6DFE1A3AA1D1D4E;};
53EA7DE410CEBDCFF821CAB5 = {isa = PBXFileReference; lastKnownFileType = sourcecode.swift; path = "Core/Draw/DrawAssets.swift"; sourceTree = "<group>";};
D205D7B50813937832D1CB65 = {isa = PBXBuildFile; fileRef = 53EA7DE410CEBDCFF821CAB5;};
61F5A7F218E7CF75A83DCF7D = {isa = PBXFileReference; lastKnownFileType = sourcecode.swift; path = "Core/Draw/DrawProtocol.swift"; sourceTree = "<group>";};
53C41DEBD49C41CC0EF79B76 = {isa = PBXBuildFile; fileRef = 61F5A7F218E7CF75A83DCF7D;};
CCB78979E573D52790C588C0 = {isa = PBXFileReference; lastKnownFileType = sourcecode.swift; path = "Core/Draw/DrawStore.swift"; sourceTree = "<group>";};
9D57C7D17FC717F247772F46 = {isa = PBXBuildFile; fileRef = CCB78979E573D52790C588C0;};
95710471D88616FE9E52F361 = {isa = PBXFileReference; lastKnownFileType = sourcecode.swift; path = "Core/Draw/DrawReplica.swift"; sourceTree = "<group>";};
D164F3251E6564EC274D0892 = {isa = PBXBuildFile; fileRef = 95710471D88616FE9E52F361;};
83EA2D1CDDEF27C44DEC9C37 = {isa = PBXFileReference; lastKnownFileType = sourcecode.swift; path = "Core/Draw/DrawDocument.swift"; sourceTree = "<group>";};
2C20C57919F977B2054B4EA3 = {isa = PBXBuildFile; fileRef = 83EA2D1CDDEF27C44DEC9C37;};
24D94113549649813B711277 = {isa = PBXFileReference; lastKnownFileType = sourcecode.swift; path = "Core/Connect/Wire/SyncCalendar.swift"; sourceTree = "<group>";};
94442C72E7D1CC5846EF5857 = {isa = PBXBuildFile; fileRef = 24D94113549649813B711277;};
241A2A157EC568AAD847DC83 = {isa = PBXFileReference; lastKnownFileType = sourcecode.swift; path = "Core/Connect/Wire/SyncDate.swift"; sourceTree = "<group>";};
DD569054C7FE81B37D2CFE10 = {isa = PBXBuildFile; fileRef = 241A2A157EC568AAD847DC83;};
D091147BEC26ABD5664CFC47 = {isa = PBXFileReference; lastKnownFileType = sourcecode.swift; path = "Core/Background/CompletionNotifications.swift"; sourceTree = "<group>";};
6C617DA6C063D9B9CE04F9E2 = {isa = PBXBuildFile; fileRef = D091147BEC26ABD5664CFC47;};
860279DB736E3E06B83CD996 = {isa = PBXFileReference; lastKnownFileType = sourcecode.swift; path = "Features/Today/TodayView.swift"; sourceTree = "<group>";};
08BA59CB51876BABD7AA8B56 = {isa = PBXBuildFile; fileRef = 860279DB736E3E06B83CD996;};
A52E54E5D9E45BDEE9DDFC66 = {isa = PBXFileReference; lastKnownFileType = sourcecode.swift; path = "Features/Today/SyncStore.swift"; sourceTree = "<group>";};
28ED3C8EB7EA3B9B762B12AC = {isa = PBXBuildFile; fileRef = A52E54E5D9E45BDEE9DDFC66;};
B34EF6BE6FEE717B0F090ABD = {isa = PBXFileReference; lastKnownFileType = sourcecode.swift; path = "Features/Today/SyncModel.swift"; sourceTree = "<group>";};
B01FD421B8F1FF0B5CB69F6C = {isa = PBXBuildFile; fileRef = B34EF6BE6FEE717B0F090ABD;};
C0E5407E9D97AB3072C5F73B = {isa = PBXFileReference; lastKnownFileType = sourcecode.swift; path = "Features/Chat/SelectedChatView.swift"; sourceTree = "<group>";};
705033C668189F2CEC27B6DE = {isa = PBXBuildFile; fileRef = C0E5407E9D97AB3072C5F73B;};
D20DCC203C7071384F91F593 = {isa = PBXFileReference; lastKnownFileType = sourcecode.swift; path = "Core/Connect/Wire/SyncWire.swift"; sourceTree = "<group>";};
29810B5D69ECEBF47B5B7A5F = {isa = PBXBuildFile; fileRef = D20DCC203C7071384F91F593;};
3A425905A030695DFF1CBF49 = {isa = PBXFileReference; lastKnownFileType = sourcecode.swift; path = "Core/Connect/Wire/SyncPayload.swift"; sourceTree = "<group>";};
5246F062F608F2ACDE235FFC = {isa = PBXBuildFile; fileRef = 3A425905A030695DFF1CBF49;};
328607BD50BC9B250E8DB685 = {isa = PBXFileReference; lastKnownFileType = sourcecode.swift; path = "Core/Connect/RemoteStudioClient.swift"; sourceTree = "<group>";};
83968290FD6C5A172E2F8D96 = {isa = PBXBuildFile; fileRef = 328607BD50BC9B250E8DB685;};
F77FC84575EE483E8E7C934D = {isa = PBXFileReference; lastKnownFileType = sourcecode.swift; path = "Features/Studio/StudioView.swift"; sourceTree = "<group>";};
3AFA6EAD2C483A1CA5EEB1EA = {isa = PBXBuildFile; fileRef = F77FC84575EE483E8E7C934D;};
7B10C2F69FF13C13E2CA7FB9 = {isa = PBXFileReference; lastKnownFileType = sourcecode.swift; path = "Features/Studio/StudioModel.swift"; sourceTree = "<group>";};
AF89DF72E3189AE16ADBFAF2 = {isa = PBXBuildFile; fileRef = 7B10C2F69FF13C13E2CA7FB9;};
1D97607B14ABD6F8E7153D90 = {isa = PBXFileReference; lastKnownFileType = sourcecode.swift; path = "Features/Files/FilesView.swift"; sourceTree = "<group>";};
395573E427A1F3CB6A7C93A2 = {isa = PBXBuildFile; fileRef = 1D97607B14ABD6F8E7153D90;};
4FED66E34AFD8709D3B53AC3 = {isa = PBXFileReference; lastKnownFileType = sourcecode.swift; path = "Core/Notes/NotesDatabase.swift"; sourceTree = "<group>";};
DB173476F70143889D3A1E9C = {isa = PBXBuildFile; fileRef = 4FED66E34AFD8709D3B53AC3;};
AE7258A13B780D7E65385CD1 = {isa = PBXFileReference; lastKnownFileType = sourcecode.swift; path = "Core/Notes/NotesEngineHost.swift"; sourceTree = "<group>";};
BF8D5A7DB56FE210275D9574 = {isa = PBXBuildFile; fileRef = AE7258A13B780D7E65385CD1;};
EE02A4BCFCE13BD7F5E8CD1B = {isa = PBXFileReference; lastKnownFileType = sourcecode.swift; path = "Core/Notes/NotesSync.swift"; sourceTree = "<group>";};
26989D60888C71014F9C6C73 = {isa = PBXBuildFile; fileRef = EE02A4BCFCE13BD7F5E8CD1B;};
7E4B8030DB6D97E2E04E69F6 = {isa = PBXFileReference; lastKnownFileType = sourcecode.swift; path = "Features/Notes/NotesModel.swift"; sourceTree = "<group>";};
96F2CC05D6EE7CC031F36892 = {isa = PBXBuildFile; fileRef = 7E4B8030DB6D97E2E04E69F6;};
EF842DAC7D070CAF469495DB = {isa = PBXFileReference; lastKnownFileType = sourcecode.swift; path = "Features/Notes/NotesText.swift"; sourceTree = "<group>";};
3F7444F92E87C4CF6A071D02 = {isa = PBXBuildFile; fileRef = EF842DAC7D070CAF469495DB;};
DD4B3A4F4D5EBDDC24EE6FAF = {isa = PBXFileReference; lastKnownFileType = sourcecode.swift; path = "Features/Notes/NotesView.swift"; sourceTree = "<group>";};
1EEDD2476EA8505DE43E42A0 = {isa = PBXBuildFile; fileRef = DD4B3A4F4D5EBDDC24EE6FAF;};
150382D7CDF6D9A65A33824D = {isa = PBXFileReference; lastKnownFileType = sourcecode.swift; path = "Features/Notes/NoteEditorView.swift"; sourceTree = "<group>";};
2C121C27B375B61975621561 = {isa = PBXBuildFile; fileRef = 150382D7CDF6D9A65A33824D;};
53202F4CD0FFE09290ECB9E9 = {isa = PBXFileReference; lastKnownFileType = sourcecode.javascript; path = "Resources/NotesEngine.js"; sourceTree = "<group>";};
4BC7595C2C7506B13733F2BB = {isa = PBXBuildFile; fileRef = 53202F4CD0FFE09290ECB9E9;};
349E03FF8AEBB8B7686E185A = {isa = PBXFileReference; lastKnownFileType = text; path = "Resources/NotesEngine.LICENSES.txt"; sourceTree = "<group>";};
B59E3358310C3B321E150736 = {isa = PBXBuildFile; fileRef = 349E03FF8AEBB8B7686E185A;};
C6171B6DABC38C1F46F75B65 = {isa = PBXFileReference; lastKnownFileType = sourcecode.swift; path = "NotesTests.swift"; sourceTree = "<group>";};
94A00F5A79BB19268A3B5B1D = {isa = PBXBuildFile; fileRef = C6171B6DABC38C1F46F75B65;};
2AEC754E990A1FDE2EA5AC1B = {isa = PBXFileReference; lastKnownFileType = sourcecode.swift; path = "Features/Files/FilesModel.swift"; sourceTree = "<group>";};
73ED58F1C8B2213E2F371AB5 = {isa = PBXBuildFile; fileRef = 2AEC754E990A1FDE2EA5AC1B;};
C04C5632404FAEC0A49811A2 = {isa = PBXFileReference; lastKnownFileType = sourcecode.swift; path = "Features/Files/FileStaging.swift"; sourceTree = "<group>";};
6535002A22DB4BABBBE0DB11 = {isa = PBXBuildFile; fileRef = C04C5632404FAEC0A49811A2;};
88BA15A573A43ADAA849502D = {isa = PBXFileReference; lastKnownFileType = sourcecode.swift; path = "Core/Connect/Wire/StudioWire.swift"; sourceTree = "<group>";};
6A2824F03F3C495FA991D4D4 = {isa = PBXBuildFile; fileRef = 88BA15A573A43ADAA849502D;};
6EBEB663584B9FE6454A31AA = {isa = PBXFileReference; lastKnownFileType = sourcecode.swift; path = "Core/Connect/Wire/FileWire.swift"; sourceTree = "<group>";};
D10CFA70982B9A621CE085EC = {isa = PBXBuildFile; fileRef = 6EBEB663584B9FE6454A31AA;};
E7137356DE9EA20E192ABFE9 = {isa = PBXFileReference; lastKnownFileType = sourcecode.swift; path = "Core/Persistence/ProtectedStore.swift"; sourceTree = "<group>";};
46FC52CE9C09852CF8AE7877 = {isa = PBXBuildFile; fileRef = E7137356DE9EA20E192ABFE9;};
03D77D5C4DA67336459319D1 = {isa = PBXFileReference; lastKnownFileType = sourcecode.swift; path = "Core/Persistence/MobileChatStore.swift"; sourceTree = "<group>";};
92A8BD53179BFB61C982592A = {isa = PBXBuildFile; fileRef = 03D77D5C4DA67336459319D1;};
127B27CA59BA543027783FE6 = {isa = PBXFileReference; lastKnownFileType = sourcecode.swift; path = "Core/Background/BackgroundWorkCoordinator.swift"; sourceTree = "<group>";};
CAA6221E05CCC54AB4594EF5 = {isa = PBXBuildFile; fileRef = 127B27CA59BA543027783FE6;};
DD1FCE4C20D484040CE5FFEE = {isa = PBXFileReference; lastKnownFileType = sourcecode.swift; path = "Core/Background/BackgroundOperationRecord.swift"; sourceTree = "<group>";};
9D24224B71C1B429F55412F5 = {isa = PBXBuildFile; fileRef = DD1FCE4C20D484040CE5FFEE;};
CBD1D5AC425B183F13349480 = {isa = PBXFileReference; lastKnownFileType = text; path = "../NativeConnect/OpenSSL-LICENSE.txt"; sourceTree = "<group>";};
A238857D506A8EF28F9A64CA = {isa = PBXBuildFile; fileRef = CBD1D5AC425B183F13349480;};
805792446340171067F358C3 = {isa = PBXFileReference; lastKnownFileType = text.json; path = "../../../tests/fixtures/mobile_connect/vectors.json"; sourceTree = "<group>";};
DCB851042BE331FCF3172999 = {isa = PBXBuildFile; fileRef = 805792446340171067F358C3;};
BF101DF9EB7AAD7632BA13FB = {isa = PBXFileReference; lastKnownFileType = sourcecode.swift; path = "ConnectProtocolTests.swift"; sourceTree = "<group>";};
0773E3B1815ED5B45E48F462 = {isa = PBXBuildFile; fileRef = BF101DF9EB7AAD7632BA13FB;};
7DA7145BC1EC4511BD97F3C4 = {isa = PBXFileReference; lastKnownFileType = sourcecode.c.c; path = "../NativeConnect/OliveTLS.c"; sourceTree = "<group>";};
B4D6521BBBFB89FE53D31237 = {isa = PBXBuildFile; fileRef = 7DA7145BC1EC4511BD97F3C4;};
C53991AAFAAAB5B119B744CB = {isa = PBXFileReference; lastKnownFileType = sourcecode.swift; path = "Features/Devices/PairingSheet.swift"; sourceTree = "<group>";};
D43F09209B3963F7BF508ECE = {isa = PBXBuildFile; fileRef = C53991AAFAAAB5B119B744CB;};
7A03E7C48E142BDD0A396528 = {isa = PBXFileReference; lastKnownFileType = sourcecode.swift; path = "Core/Connect/Wire/PairingOffer.swift"; sourceTree = "<group>";};
D34D4FA8FBE3C5BD667DC0CF = {isa = PBXBuildFile; fileRef = 7A03E7C48E142BDD0A396528;};
8CD35DC98C73265F647B0F46 = {isa = PBXFileReference; lastKnownFileType = sourcecode.swift; path = "Core/Connect/Wire/InferenceWire.swift"; sourceTree = "<group>";};
EDB60CF0D83E93BB538899AD = {isa = PBXBuildFile; fileRef = 8CD35DC98C73265F647B0F46;};
6447836DF97EBFDC5B999108 = {isa = PBXFileReference; lastKnownFileType = sourcecode.swift; path = "Core/Connect/Wire/ConnectJSON.swift"; sourceTree = "<group>";};
3EE9AB8D9D985DF86C08BBD3 = {isa = PBXBuildFile; fileRef = 6447836DF97EBFDC5B999108;};
E700F42A4DB3545268906E24 = {isa = PBXFileReference; lastKnownFileType = sourcecode.swift; path = "Core/Connect/Wire/ConnectFrame.swift"; sourceTree = "<group>";};
151A67D7DEB3E76317C62A93 = {isa = PBXBuildFile; fileRef = E700F42A4DB3545268906E24;};
7A920D6DB8072C82815EB6F3 = {isa = PBXFileReference; lastKnownFileType = sourcecode.swift; path = "Core/Connect/RemoteInferenceClient.swift"; sourceTree = "<group>";};
B1FDB355A1FD89DD40C1CD19 = {isa = PBXBuildFile; fileRef = 7A920D6DB8072C82815EB6F3;};
85D114E4A6321CBB28F15BD7 = {isa = PBXFileReference; lastKnownFileType = sourcecode.swift; path = "Core/Connect/ConnectTrustRepository.swift"; sourceTree = "<group>";};
B087F73A546C051D2F764611 = {isa = PBXBuildFile; fileRef = 85D114E4A6321CBB28F15BD7;};
8C8C5E17EBD71E54617FEDE7 = {isa = PBXFileReference; lastKnownFileType = sourcecode.swift; path = "Core/Connect/ConnectTransport.swift"; sourceTree = "<group>";};
0356A61610112DBE3DE33C36 = {isa = PBXBuildFile; fileRef = 8C8C5E17EBD71E54617FEDE7;};
B5E10CEF3143F042D7E1AC6A = {isa = PBXFileReference; lastKnownFileType = sourcecode.swift; path = "Core/Connect/ConnectTLS.swift"; sourceTree = "<group>";};
019B2F289D498BEE8F6D7EED = {isa = PBXBuildFile; fileRef = B5E10CEF3143F042D7E1AC6A;};
C5368635630E40CD05CF8609 = {isa = PBXFileReference; lastKnownFileType = sourcecode.swift; path = "Core/Connect/ConnectSocket.swift"; sourceTree = "<group>";};
73847E4E472AE14F946E6110 = {isa = PBXBuildFile; fileRef = C5368635630E40CD05CF8609;};
912A5FFCDF10346F772F33E4 = {isa = PBXFileReference; lastKnownFileType = sourcecode.swift; path = "Core/Connect/ConnectSession.swift"; sourceTree = "<group>";};
AEAE3264F3A830701664C0D9 = {isa = PBXBuildFile; fileRef = 912A5FFCDF10346F772F33E4;};
04029C4810C274172A7A0A9A = {isa = PBXFileReference; lastKnownFileType = sourcecode.swift; path = "Core/Connect/ConnectPairingClient.swift"; sourceTree = "<group>";};
F3884641659D3585B2575D60 = {isa = PBXBuildFile; fileRef = 04029C4810C274172A7A0A9A;};
DC3AA39CE47092254EF88B66 = {isa = PBXFileReference; lastKnownFileType = sourcecode.swift; path = "Core/Connect/ConnectIdentityStore.swift"; sourceTree = "<group>";};
A4B7F15BAB9E0777B3EB2903 = {isa = PBXBuildFile; fileRef = DC3AA39CE47092254EF88B66;};
6A177F0CE10FAE668F9FF71C = {isa = PBXFileReference; lastKnownFileType = sourcecode.swift; path = "Core/Connect/ConnectFailure.swift"; sourceTree = "<group>";};
3425AEA50140E512FD3D907E = {isa = PBXBuildFile; fileRef = 6A177F0CE10FAE668F9FF71C;};
39A602C0FCC42E8C351955C2 = {isa = PBXFileReference; lastKnownFileType = sourcecode.swift; path = "Core/Connect/ConnectDiscoveryService.swift"; sourceTree = "<group>";};
9138AD33B8A79002A50502D3 = {isa = PBXBuildFile; fileRef = 39A602C0FCC42E8C351955C2;};
03EEACFEB21BE2EECE5E6B43 = {isa = PBXFileReference; lastKnownFileType = sourcecode.swift; path = "App/AppState.swift"; sourceTree = "<group>";};
6F905B748DB23E1D5892C3A1 = {isa = PBXBuildFile; fileRef = 03EEACFEB21BE2EECE5E6B43;};
A8CE0E237FBE4A17116201B5 = {isa = PBXFileReference; lastKnownFileType = sourcecode.swift; path = "App/OLIVEMobileApp.swift"; sourceTree = "<group>";};
886A76CD3D0A21C59ADB30F3 = {isa = PBXBuildFile; fileRef = A8CE0E237FBE4A17116201B5;};
10A2A650A5B18A619293DD99 = {isa = PBXFileReference; lastKnownFileType = sourcecode.swift; path = "Core/Connect/ConnectClient.swift"; sourceTree = "<group>";};
DF2B735111E0E7DF2B16EA9C = {isa = PBXBuildFile; fileRef = 10A2A650A5B18A619293DD99;};
16FA5D6ADFFF7E567D5F4574 = {isa = PBXFileReference; lastKnownFileType = sourcecode.swift; path = "Core/Connect/ConnectTypes.swift"; sourceTree = "<group>";};
3E210A384016EF393534CA05 = {isa = PBXBuildFile; fileRef = 16FA5D6ADFFF7E567D5F4574;};
52F410B8F64467A7B10F4D2F = {isa = PBXFileReference; lastKnownFileType = sourcecode.swift; path = "Core/Models/AboutInfo.swift"; sourceTree = "<group>";};
57203B59A1CFA4C76DD84DEF = {isa = PBXBuildFile; fileRef = 52F410B8F64467A7B10F4D2F;};
57DDBBC9D4BA9EC612E3308F = {isa = PBXFileReference; lastKnownFileType = sourcecode.swift; path = "Core/Models/ChatMessage.swift"; sourceTree = "<group>";};
EDFB26505FA8B6C761AA9497 = {isa = PBXBuildFile; fileRef = 57DDBBC9D4BA9EC612E3308F;};
330F303481A2B5791EFBA098 = {isa = PBXFileReference; lastKnownFileType = sourcecode.swift; path = "Core/Persistence/ShellStore.swift"; sourceTree = "<group>";};
63F719AF5ED66BAD21F8224F = {isa = PBXBuildFile; fileRef = 330F303481A2B5791EFBA098;};
8E56A11EC0BF1250D3E15F6C = {isa = PBXFileReference; lastKnownFileType = sourcecode.swift; path = "Core/Security/SecretStore.swift"; sourceTree = "<group>";};
CC88B77826A4E0BB6AF4432F = {isa = PBXBuildFile; fileRef = 8E56A11EC0BF1250D3E15F6C;};
A45CEB71D8045E48E1AF75F4 = {isa = PBXFileReference; lastKnownFileType = sourcecode.swift; path = "DesignSystem/Components.swift"; sourceTree = "<group>";};
FF0A32AFF970795F623C80FB = {isa = PBXBuildFile; fileRef = A45CEB71D8045E48E1AF75F4;};
4EA543E7C640CB27781E458D = {isa = PBXFileReference; lastKnownFileType = sourcecode.swift; path = "DesignSystem/OliveTheme.swift"; sourceTree = "<group>";};
E410A39BD09043B110CD31DC = {isa = PBXBuildFile; fileRef = 4EA543E7C640CB27781E458D;};
35AFA11AB34EC3D0B98BE6A4 = {isa = PBXFileReference; lastKnownFileType = sourcecode.swift; path = "Features/Chat/ChatView.swift"; sourceTree = "<group>";};
5CBC135AE61249034B0B93AF = {isa = PBXBuildFile; fileRef = 35AFA11AB34EC3D0B98BE6A4;};
B4B73D584F88707DF3D5EB00 = {isa = PBXFileReference; lastKnownFileType = sourcecode.swift; path = "Features/Chat/MessageBubble.swift"; sourceTree = "<group>";};
ACAD5F9AAC826240EED54E3A = {isa = PBXBuildFile; fileRef = B4B73D584F88707DF3D5EB00;};
DBDE9C86DE8F83939FE4C77B = {isa = PBXFileReference; lastKnownFileType = sourcecode.swift; path = "Features/Devices/DevicesView.swift"; sourceTree = "<group>";};
D1367960833501FA81640DAD = {isa = PBXBuildFile; fileRef = DBDE9C86DE8F83939FE4C77B;};
2560B248C2E9C1C0CA2C25B3 = {isa = PBXFileReference; lastKnownFileType = sourcecode.swift; path = "Features/Home/HomeView.swift"; sourceTree = "<group>";};
0812132C780210BF68D9D406 = {isa = PBXBuildFile; fileRef = 2560B248C2E9C1C0CA2C25B3;};
F755CC86F46EBCDBE18BC080 = {isa = PBXFileReference; lastKnownFileType = sourcecode.swift; path = "Features/Settings/SettingsView.swift"; sourceTree = "<group>";};
E9D215071309F67517590458 = {isa = PBXBuildFile; fileRef = F755CC86F46EBCDBE18BC080;};
C8704F13928766630D1BBB0C = {isa = PBXFileReference; lastKnownFileType = sourcecode.swift; path = "Navigation/Destination.swift"; sourceTree = "<group>";};
96B67F9ABB6EE30DE8DEA4DE = {isa = PBXBuildFile; fileRef = C8704F13928766630D1BBB0C;};
277295CDDC0EB650D03887E8 = {isa = PBXFileReference; lastKnownFileType = sourcecode.swift; path = "Navigation/RootView.swift"; sourceTree = "<group>";};
7AFF1EA9A281EFA475AF8381 = {isa = PBXBuildFile; fileRef = 277295CDDC0EB650D03887E8;};
3685E330EC5277A9DD5661C6 = {isa = PBXFileReference; lastKnownFileType = folder.assetcatalog; path = Assets.xcassets; sourceTree = "<group>";};
04200CFFD12D083534B07BB1 = {isa = PBXBuildFile; fileRef = 3685E330EC5277A9DD5661C6;};
26B2A637F7DC4079D5AB78A5 = {isa = PBXFileReference; lastKnownFileType = text.xml; path = PrivacyInfo.xcprivacy; sourceTree = "<group>";};
85485ABDDFC5AA715BEE5C09 = {isa = PBXBuildFile; fileRef = 26B2A637F7DC4079D5AB78A5;};
AFA7D3C41CE4146F7EB7AF90 = {isa = PBXGroup; children = (F95E0D3851F4764C6FBDD844,3DEBE14D517CA90CAAB2A779,94846829CA6D7E188BB2FAA4,4C689A3C91608DFA8E079E31,1CEAB9FF5CA7477C6E807757,1C78245226D7FB46D467BA84,4702A755726A07F33BF15A26,D0127AB6F513EC1D4B8F08F4,7897E655FFE5A690AB590764,06A32C69426070EC087C807C,40ACD331C47B587D8BC3C4DF,6EF05DE3C906CDED925B18DF,63C44ECDEEFA75E82B2937F3,934FEEC4E715234D30E1170D,237530E022AAC249325717ED,417B927C6C6416BD080A0D27,363744EB06DB43814C96477E,9720DD571A179D42910717BA,91BAA5CEC19FF9ED5CFA1C04,6239B5B4D6DFE1A3AA1D1D4E,53EA7DE410CEBDCFF821CAB5,61F5A7F218E7CF75A83DCF7D,CCB78979E573D52790C588C0,95710471D88616FE9E52F361,83EA2D1CDDEF27C44DEC9C37,24D94113549649813B711277,241A2A157EC568AAD847DC83,D091147BEC26ABD5664CFC47,860279DB736E3E06B83CD996,A52E54E5D9E45BDEE9DDFC66,B34EF6BE6FEE717B0F090ABD,C0E5407E9D97AB3072C5F73B,D20DCC203C7071384F91F593,3A425905A030695DFF1CBF49,328607BD50BC9B250E8DB685,F77FC84575EE483E8E7C934D,7B10C2F69FF13C13E2CA7FB9,1D97607B14ABD6F8E7153D90,2AEC754E990A1FDE2EA5AC1B,C04C5632404FAEC0A49811A2,88BA15A573A43ADAA849502D,6EBEB663584B9FE6454A31AA,E7137356DE9EA20E192ABFE9,03D77D5C4DA67336459319D1,127B27CA59BA543027783FE6,DD1FCE4C20D484040CE5FFEE,CBD1D5AC425B183F13349480,7DA7145BC1EC4511BD97F3C4,C53991AAFAAAB5B119B744CB,7A03E7C48E142BDD0A396528,8CD35DC98C73265F647B0F46,6447836DF97EBFDC5B999108,E700F42A4DB3545268906E24,7A920D6DB8072C82815EB6F3,85D114E4A6321CBB28F15BD7,8C8C5E17EBD71E54617FEDE7,B5E10CEF3143F042D7E1AC6A,C5368635630E40CD05CF8609,912A5FFCDF10346F772F33E4,04029C4810C274172A7A0A9A,DC3AA39CE47092254EF88B66,6A177F0CE10FAE668F9FF71C,39A602C0FCC42E8C351955C2,03EEACFEB21BE2EECE5E6B43,A8CE0E237FBE4A17116201B5,10A2A650A5B18A619293DD99,16FA5D6ADFFF7E567D5F4574,52F410B8F64467A7B10F4D2F,57DDBBC9D4BA9EC612E3308F,330F303481A2B5791EFBA098,8E56A11EC0BF1250D3E15F6C,A45CEB71D8045E48E1AF75F4,4EA543E7C640CB27781E458D,35AFA11AB34EC3D0B98BE6A4,B4B73D584F88707DF3D5EB00,DBDE9C86DE8F83939FE4C77B,2560B248C2E9C1C0CA2C25B3,F755CC86F46EBCDBE18BC080,C8704F13928766630D1BBB0C,277295CDDC0EB650D03887E8,3685E330EC5277A9DD5661C6,26B2A637F7DC4079D5AB78A5,4FED66E34AFD8709D3B53AC3,AE7258A13B780D7E65385CD1,EE02A4BCFCE13BD7F5E8CD1B,7E4B8030DB6D97E2E04E69F6,EF842DAC7D070CAF469495DB,DD4B3A4F4D5EBDDC24EE6FAF,150382D7CDF6D9A65A33824D,53202F4CD0FFE09290ECB9E9,349E03FF8AEBB8B7686E185A,); path = OLIVEMobile; sourceTree = "<group>";};
5D1BB609AE403793A92ED194 = {isa = PBXFileReference; explicitFileType = wrapper.application; includeInIndex = 0; path = OLIVEMobile.app; sourceTree = BUILT_PRODUCTS_DIR;};
A635DBADC6534260C5EC534A = {isa = PBXSourcesBuildPhase; buildActionMask = 2147483647; files = (8C6CED12DF61BD6A63E17A76,6D366E8AE0EA6D39048CD023,60B4DE643DD8DB96BF6845E1,2AA57192B0DB5B82C385F1B6,B0E6C0BD73D0860EDB6ED0FA,8A084D206943E2399A6F9373,15F09B93562173078AA5BF39,429351ED71D63A7302B6B3AF,169E3BB5AF52330726A60B06,D9EDDBA9591576D2795ED41E,D5802D62DED7AC69945A322C,8C41FEE9ECA670E29473525D,000FFAB80055F9EAC887A957,DD1B5E3F6D300A7C7134FE70,B3026E0F1427CF42C43FD11B,822E778967C9EEAAEC269033,654932EB0A4D639FCA393DE3,E4EE18711DCC982516329E7C,EABB1A449C3F2CEC8800535B,B4D74C352E010689723097A5,D205D7B50813937832D1CB65,53C41DEBD49C41CC0EF79B76,9D57C7D17FC717F247772F46,D164F3251E6564EC274D0892,2C20C57919F977B2054B4EA3,94442C72E7D1CC5846EF5857,DD569054C7FE81B37D2CFE10,6C617DA6C063D9B9CE04F9E2,08BA59CB51876BABD7AA8B56,28ED3C8EB7EA3B9B762B12AC,B01FD421B8F1FF0B5CB69F6C,705033C668189F2CEC27B6DE,29810B5D69ECEBF47B5B7A5F,5246F062F608F2ACDE235FFC,83968290FD6C5A172E2F8D96,3AFA6EAD2C483A1CA5EEB1EA,AF89DF72E3189AE16ADBFAF2,395573E427A1F3CB6A7C93A2,73ED58F1C8B2213E2F371AB5,6535002A22DB4BABBBE0DB11,6A2824F03F3C495FA991D4D4,D10CFA70982B9A621CE085EC,46FC52CE9C09852CF8AE7877,92A8BD53179BFB61C982592A,CAA6221E05CCC54AB4594EF5,9D24224B71C1B429F55412F5,B4D6521BBBFB89FE53D31237,D43F09209B3963F7BF508ECE,D34D4FA8FBE3C5BD667DC0CF,EDB60CF0D83E93BB538899AD,3EE9AB8D9D985DF86C08BBD3,151A67D7DEB3E76317C62A93,B1FDB355A1FD89DD40C1CD19,B087F73A546C051D2F764611,0356A61610112DBE3DE33C36,019B2F289D498BEE8F6D7EED,73847E4E472AE14F946E6110,AEAE3264F3A830701664C0D9,F3884641659D3585B2575D60,A4B7F15BAB9E0777B3EB2903,3425AEA50140E512FD3D907E,9138AD33B8A79002A50502D3,6F905B748DB23E1D5892C3A1,886A76CD3D0A21C59ADB30F3,DF2B735111E0E7DF2B16EA9C,3E210A384016EF393534CA05,57203B59A1CFA4C76DD84DEF,EDFB26505FA8B6C761AA9497,63F719AF5ED66BAD21F8224F,CC88B77826A4E0BB6AF4432F,FF0A32AFF970795F623C80FB,E410A39BD09043B110CD31DC,5CBC135AE61249034B0B93AF,ACAD5F9AAC826240EED54E3A,D1367960833501FA81640DAD,0812132C780210BF68D9D406,E9D215071309F67517590458,96B67F9ABB6EE30DE8DEA4DE,7AFF1EA9A281EFA475AF8381,DB173476F70143889D3A1E9C,BF8D5A7DB56FE210275D9574,26989D60888C71014F9C6C73,96F2CC05D6EE7CC031F36892,3F7444F92E87C4CF6A071D02,1EEDD2476EA8505DE43E42A0,2C121C27B375B61975621561,); runOnlyForDeploymentPostprocessing = 0;};
A8FD52DA769EC275A5625EC0 = {isa = PBXFrameworksBuildPhase; buildActionMask = 2147483647; files = (); runOnlyForDeploymentPostprocessing = 0;};
E7A4BA5C4FB666FFFC68411D = {isa = PBXResourcesBuildPhase; buildActionMask = 2147483647; files = (A238857D506A8EF28F9A64CA,04200CFFD12D083534B07BB1,85485ABDDFC5AA715BEE5C09,4BC7595C2C7506B13733F2BB,B59E3358310C3B321E150736,); runOnlyForDeploymentPostprocessing = 0;};
DE89756E398BAA4D79E888BB = {isa = XCBuildConfiguration; buildSettings = {PRODUCT_NAME = "$(TARGET_NAME)"; PRODUCT_BUNDLE_IDENTIFIER = "io.github.st10473732-diego.olive.mobile"; GENERATE_INFOPLIST_FILE = YES; CODE_SIGN_STYLE = Automatic; SWIFT_VERSION = 6.0; TARGETED_DEVICE_FAMILY = 1; IPHONEOS_DEPLOYMENT_TARGET = 17.0; SDKROOT = iphoneos; SUPPORTED_PLATFORMS = "iphoneos iphonesimulator"; SUPPORTS_MACCATALYST = NO; SUPPORTS_MAC_DESIGNED_FOR_IPHONE_IPAD = NO; INFOPLIST_FILE = OLIVEMobile/Info.plist; SWIFT_OBJC_BRIDGING_HEADER = NativeConnect/OliveTLS.h; HEADER_SEARCH_PATHS = "$(SRCROOT)/Vendor/OpenSSL/$(PLATFORM_NAME)/$(CURRENT_ARCH)/include"; LIBRARY_SEARCH_PATHS = "$(SRCROOT)/Vendor/OpenSSL/$(PLATFORM_NAME)/$(CURRENT_ARCH)/lib"; OTHER_LDFLAGS = "-lssl -lcrypto"; ASSETCATALOG_COMPILER_APPICON_NAME = AppIcon; INFOPLIST_KEY_CFBundleDisplayName = OLIVE; INFOPLIST_KEY_LSApplicationCategoryType = "public.app-category.productivity"; INFOPLIST_KEY_UILaunchScreen_Generation = YES; INFOPLIST_KEY_UIApplicationSceneManifest_Generation = YES; INFOPLIST_KEY_UIUserInterfaceStyle = Dark; INFOPLIST_KEY_UISupportedInterfaceOrientations = "UIInterfaceOrientationPortrait UIInterfaceOrientationLandscapeLeft UIInterfaceOrientationLandscapeRight"; CURRENT_PROJECT_VERSION = 1; MARKETING_VERSION = 0.1.0;}; name = Debug;};
73EE7A6F7CFB2E11B4372EFC = {isa = XCBuildConfiguration; buildSettings = {PRODUCT_NAME = "$(TARGET_NAME)"; PRODUCT_BUNDLE_IDENTIFIER = "io.github.st10473732-diego.olive.mobile"; GENERATE_INFOPLIST_FILE = YES; CODE_SIGN_STYLE = Automatic; SWIFT_VERSION = 6.0; TARGETED_DEVICE_FAMILY = 1; IPHONEOS_DEPLOYMENT_TARGET = 17.0; SDKROOT = iphoneos; SUPPORTED_PLATFORMS = "iphoneos iphonesimulator"; SUPPORTS_MACCATALYST = NO; SUPPORTS_MAC_DESIGNED_FOR_IPHONE_IPAD = NO; INFOPLIST_FILE = OLIVEMobile/Info.plist; SWIFT_OBJC_BRIDGING_HEADER = NativeConnect/OliveTLS.h; HEADER_SEARCH_PATHS = "$(SRCROOT)/Vendor/OpenSSL/$(PLATFORM_NAME)/$(CURRENT_ARCH)/include"; LIBRARY_SEARCH_PATHS = "$(SRCROOT)/Vendor/OpenSSL/$(PLATFORM_NAME)/$(CURRENT_ARCH)/lib"; OTHER_LDFLAGS = "-lssl -lcrypto"; ASSETCATALOG_COMPILER_APPICON_NAME = AppIcon; INFOPLIST_KEY_CFBundleDisplayName = OLIVE; INFOPLIST_KEY_LSApplicationCategoryType = "public.app-category.productivity"; INFOPLIST_KEY_UILaunchScreen_Generation = YES; INFOPLIST_KEY_UIApplicationSceneManifest_Generation = YES; INFOPLIST_KEY_UIUserInterfaceStyle = Dark; INFOPLIST_KEY_UISupportedInterfaceOrientations = "UIInterfaceOrientationPortrait UIInterfaceOrientationLandscapeLeft UIInterfaceOrientationLandscapeRight"; CURRENT_PROJECT_VERSION = 1; MARKETING_VERSION = 0.1.0;}; name = Release;};
EA38FFCF961FA984F5468C97 = {isa = XCConfigurationList; buildConfigurations = (DE89756E398BAA4D79E888BB,73EE7A6F7CFB2E11B4372EFC,); defaultConfigurationIsVisible = 0; defaultConfigurationName = Release;};
D7A2F6B8BD7AC27B0BD90953 = {isa = PBXNativeTarget; buildConfigurationList = EA38FFCF961FA984F5468C97; buildPhases = (A635DBADC6534260C5EC534A,A8FD52DA769EC275A5625EC0,E7A4BA5C4FB666FFFC68411D,); buildRules = (); dependencies = (); name = OLIVEMobile; productName = OLIVEMobile; productReference = 5D1BB609AE403793A92ED194; productType = "com.apple.product-type.application";};
F6040BFF018AE2C79C3E36A5 = {isa = PBXFileReference; lastKnownFileType = sourcecode.swift; path = "FoundationTests.swift"; sourceTree = "<group>";};
A98447204C9C5DBA735D8006 = {isa = PBXBuildFile; fileRef = F6040BFF018AE2C79C3E36A5;};
E3BFF9DFD22563CF3E8B95A7 = {isa = PBXGroup; children = (17F7C95C51E1663F7D6D0203,7C32F5B0613C7C7B4443F358,40042498238D0B6CB400A177,9D412008DA096E9ED4F11A7A,3F47BDAC25351FFF8206F392,805792446340171067F358C3,BF101DF9EB7AAD7632BA13FB,F6040BFF018AE2C79C3E36A5,C6171B6DABC38C1F46F75B65,); path = OLIVEMobileTests; sourceTree = "<group>";};
14567ADF7762BE52A6A87186 = {isa = PBXFileReference; explicitFileType = wrapper.cfbundle; includeInIndex = 0; path = OLIVEMobileTests.xctest; sourceTree = BUILT_PRODUCTS_DIR;};
720F6DC71096EA67882A588A = {isa = PBXSourcesBuildPhase; buildActionMask = 2147483647; files = (B40056EBAD76AAD7F02DFCB7,E3A09FDD0CDAEB107A6D89A9,0773E3B1815ED5B45E48F462,A98447204C9C5DBA735D8006,94A00F5A79BB19268A3B5B1D,); runOnlyForDeploymentPostprocessing = 0;};
A9948460B270A77735DE4F19 = {isa = PBXFrameworksBuildPhase; buildActionMask = 2147483647; files = (); runOnlyForDeploymentPostprocessing = 0;};
4180A8D6BB2830115FE3BB49 = {isa = PBXResourcesBuildPhase; buildActionMask = 2147483647; files = (23259C48D4188ABA5FFD54CE,0173BAD39BC9F3E445AC1E43,F0B239909CCFD28A89B7B1AA,DCB851042BE331FCF3172999,); runOnlyForDeploymentPostprocessing = 0;};
CF8C0AC545E3E1C392CCDCE7 = {isa = XCBuildConfiguration; buildSettings = {PRODUCT_NAME = "$(TARGET_NAME)"; PRODUCT_BUNDLE_IDENTIFIER = "io.github.st10473732-diego.olive.mobile.OLIVEMobileTests"; GENERATE_INFOPLIST_FILE = YES; CODE_SIGN_STYLE = Automatic; SWIFT_VERSION = 6.0; TARGETED_DEVICE_FAMILY = 1; IPHONEOS_DEPLOYMENT_TARGET = 17.0; SDKROOT = iphoneos; SUPPORTED_PLATFORMS = "iphoneos iphonesimulator"; SUPPORTS_MACCATALYST = NO; SUPPORTS_MAC_DESIGNED_FOR_IPHONE_IPAD = NO; TEST_HOST = "$(BUILT_PRODUCTS_DIR)/OLIVEMobile.app/$(BUNDLE_EXECUTABLE_FOLDER_PATH)/OLIVEMobile"; BUNDLE_LOADER = "$(TEST_HOST)";}; name = Debug;};
9E19D3463E4D24BD90535BD2 = {isa = XCBuildConfiguration; buildSettings = {PRODUCT_NAME = "$(TARGET_NAME)"; PRODUCT_BUNDLE_IDENTIFIER = "io.github.st10473732-diego.olive.mobile.OLIVEMobileTests"; GENERATE_INFOPLIST_FILE = YES; CODE_SIGN_STYLE = Automatic; SWIFT_VERSION = 6.0; TARGETED_DEVICE_FAMILY = 1; IPHONEOS_DEPLOYMENT_TARGET = 17.0; SDKROOT = iphoneos; SUPPORTED_PLATFORMS = "iphoneos iphonesimulator"; SUPPORTS_MACCATALYST = NO; SUPPORTS_MAC_DESIGNED_FOR_IPHONE_IPAD = NO; TEST_HOST = "$(BUILT_PRODUCTS_DIR)/OLIVEMobile.app/$(BUNDLE_EXECUTABLE_FOLDER_PATH)/OLIVEMobile"; BUNDLE_LOADER = "$(TEST_HOST)";}; name = Release;};
08C6C6A96D784F2FBC105CD5 = {isa = XCConfigurationList; buildConfigurations = (CF8C0AC545E3E1C392CCDCE7,9E19D3463E4D24BD90535BD2,); defaultConfigurationIsVisible = 0; defaultConfigurationName = Release;};
81767A55991BA08110467602 = {isa = PBXContainerItemProxy; containerPortal = 98F54143AB4E86B28C3AFEE0; proxyType = 1; remoteGlobalIDString = D7A2F6B8BD7AC27B0BD90953; remoteInfo = OLIVEMobile;};
5BA675DF39FF1DE3C4788B91 = {isa = PBXTargetDependency; target = D7A2F6B8BD7AC27B0BD90953; targetProxy = 81767A55991BA08110467602;};
F25EC3E2F81204726E22DB23 = {isa = PBXNativeTarget; buildConfigurationList = 08C6C6A96D784F2FBC105CD5; buildPhases = (720F6DC71096EA67882A588A,A9948460B270A77735DE4F19,4180A8D6BB2830115FE3BB49,); buildRules = (); dependencies = (5BA675DF39FF1DE3C4788B91,); name = OLIVEMobileTests; productName = OLIVEMobileTests; productReference = 14567ADF7762BE52A6A87186; productType = "com.apple.product-type.bundle.unit-test";};
02892D7CC5149CDD0383730E = {isa = PBXFileReference; lastKnownFileType = sourcecode.swift; path = "ShellUITests.swift"; sourceTree = "<group>";};
F74B70D723DB9D6D9DDEF26C = {isa = PBXBuildFile; fileRef = 02892D7CC5149CDD0383730E;};
D12E29D877668668ED5A7809 = {isa = PBXGroup; children = (D34BF80D62C76BE4D903ABB3,9F69FF573D829DF697EE96FF,02892D7CC5149CDD0383730E,); path = OLIVEMobileUITests; sourceTree = "<group>";};
11C1667AD83C9754523A1740 = {isa = PBXFileReference; explicitFileType = wrapper.cfbundle; includeInIndex = 0; path = OLIVEMobileUITests.xctest; sourceTree = BUILT_PRODUCTS_DIR;};
EBB912C8018BE7CFFAE5A32A = {isa = PBXSourcesBuildPhase; buildActionMask = 2147483647; files = (9EA8C7951393349558ED6747,EFE7CDF9FF528714D4666599,F74B70D723DB9D6D9DDEF26C,); runOnlyForDeploymentPostprocessing = 0;};
2B4958CF8B05484E6ADAF7B1 = {isa = PBXFrameworksBuildPhase; buildActionMask = 2147483647; files = (); runOnlyForDeploymentPostprocessing = 0;};
D90AD2F108DD1D0D1198C89D = {isa = PBXResourcesBuildPhase; buildActionMask = 2147483647; files = (); runOnlyForDeploymentPostprocessing = 0;};
6F80C925DA57315A24E9D7E5 = {isa = XCBuildConfiguration; buildSettings = {PRODUCT_NAME = "$(TARGET_NAME)"; PRODUCT_BUNDLE_IDENTIFIER = "io.github.st10473732-diego.olive.mobile.OLIVEMobileUITests"; GENERATE_INFOPLIST_FILE = YES; CODE_SIGN_STYLE = Automatic; SWIFT_VERSION = 6.0; TARGETED_DEVICE_FAMILY = 1; IPHONEOS_DEPLOYMENT_TARGET = 17.0; SDKROOT = iphoneos; SUPPORTED_PLATFORMS = "iphoneos iphonesimulator"; SUPPORTS_MACCATALYST = NO; SUPPORTS_MAC_DESIGNED_FOR_IPHONE_IPAD = NO; TEST_TARGET_NAME = OLIVEMobile;}; name = Debug;};
13EB2CBAB555B2C3F2744F53 = {isa = XCBuildConfiguration; buildSettings = {PRODUCT_NAME = "$(TARGET_NAME)"; PRODUCT_BUNDLE_IDENTIFIER = "io.github.st10473732-diego.olive.mobile.OLIVEMobileUITests"; GENERATE_INFOPLIST_FILE = YES; CODE_SIGN_STYLE = Automatic; SWIFT_VERSION = 6.0; TARGETED_DEVICE_FAMILY = 1; IPHONEOS_DEPLOYMENT_TARGET = 17.0; SDKROOT = iphoneos; SUPPORTED_PLATFORMS = "iphoneos iphonesimulator"; SUPPORTS_MACCATALYST = NO; SUPPORTS_MAC_DESIGNED_FOR_IPHONE_IPAD = NO; TEST_TARGET_NAME = OLIVEMobile;}; name = Release;};
472A05EFAD8745B7BCE04AA3 = {isa = XCConfigurationList; buildConfigurations = (6F80C925DA57315A24E9D7E5,13EB2CBAB555B2C3F2744F53,); defaultConfigurationIsVisible = 0; defaultConfigurationName = Release;};
2F2C2663D71BE2DE29EB74DD = {isa = PBXContainerItemProxy; containerPortal = 98F54143AB4E86B28C3AFEE0; proxyType = 1; remoteGlobalIDString = D7A2F6B8BD7AC27B0BD90953; remoteInfo = OLIVEMobile;};
959EB02D49F71F8A1FDC5FFA = {isa = PBXTargetDependency; target = D7A2F6B8BD7AC27B0BD90953; targetProxy = 2F2C2663D71BE2DE29EB74DD;};
7AD0C9C0A17ED10A0879D5E8 = {isa = PBXNativeTarget; buildConfigurationList = 472A05EFAD8745B7BCE04AA3; buildPhases = (EBB912C8018BE7CFFAE5A32A,2B4958CF8B05484E6ADAF7B1,D90AD2F108DD1D0D1198C89D,); buildRules = (); dependencies = (959EB02D49F71F8A1FDC5FFA,); name = OLIVEMobileUITests; productName = OLIVEMobileUITests; productReference = 11C1667AD83C9754523A1740; productType = "com.apple.product-type.bundle.ui-testing";};
FBDC4F23F93125BBEEAE800C = {isa = PBXGroup; children = (5D1BB609AE403793A92ED194,14567ADF7762BE52A6A87186,11C1667AD83C9754523A1740,); name = Products; sourceTree = "<group>";};
B28B7AF69320201D1CF206EB = {isa = PBXGroup; children = (AFA7D3C41CE4146F7EB7AF90,E3BFF9DFD22563CF3E8B95A7,D12E29D877668668ED5A7809,FBDC4F23F93125BBEEAE800C,); sourceTree = "<group>";};
89E1FD6268CC0F221A2BE178 = {isa = XCBuildConfiguration; buildSettings = {CLANG_ENABLE_MODULES = YES; CLANG_ENABLE_OBJC_ARC = YES; CLANG_WARN_DOCUMENTATION_COMMENTS = YES; GCC_C_LANGUAGE_STANDARD = gnu17; DEBUG_INFORMATION_FORMAT = dwarf; GCC_OPTIMIZATION_LEVEL = 0; SWIFT_OPTIMIZATION_LEVEL = "-Onone"; SWIFT_ACTIVE_COMPILATION_CONDITIONS = DEBUG; ENABLE_TESTABILITY = YES;}; name = Debug;};
E6DE6C99132752C914FEF632 = {isa = XCBuildConfiguration; buildSettings = {CLANG_ENABLE_MODULES = YES; CLANG_ENABLE_OBJC_ARC = YES; CLANG_WARN_DOCUMENTATION_COMMENTS = YES; GCC_C_LANGUAGE_STANDARD = gnu17; DEBUG_INFORMATION_FORMAT = "dwarf-with-dsym"; SWIFT_COMPILATION_MODE = wholemodule; SWIFT_OPTIMIZATION_LEVEL = "-O";}; name = Release;};
862894B703A6DEDF96A9DD6C = {isa = XCConfigurationList; buildConfigurations = (89E1FD6268CC0F221A2BE178,E6DE6C99132752C914FEF632,); defaultConfigurationIsVisible = 0; defaultConfigurationName = Release;};
98F54143AB4E86B28C3AFEE0 = {isa = PBXProject; attributes = {BuildIndependentTargetsInParallel = YES; LastUpgradeCheck = 2700;}; buildConfigurationList = 862894B703A6DEDF96A9DD6C; compatibilityVersion = "Xcode 14.0"; developmentRegion = en; hasScannedForEncodings = 0; knownRegions = (en,Base,); mainGroup = B28B7AF69320201D1CF206EB; productRefGroup = FBDC4F23F93125BBEEAE800C; projectDirPath = ""; projectRoot = ""; targets = (D7A2F6B8BD7AC27B0BD90953,F25EC3E2F81204726E22DB23,7AD0C9C0A17ED10A0879D5E8,);};
}; rootObject = 98F54143AB4E86B28C3AFEE0; }
